
Microsoft Visual Studio Solution File, Format Version 12.00
# Visual Studio Version 17
VisualStudioVersion = 17.5.33530.505
MinimumVisualStudioVersion = 10.0.40219.1
Project("{FAE04EC0-301F-11D3-BF4B-00C04F79EFBC}") = "LargestAmong3Numbers", "LargestAmong3Numbers\LargestAmong3Numbers.csproj", "{9FCBAB7B-A305-44C9-A40C-0B6A6867700A}"
EndProject
Global
	GlobalSection(SolutionConfigurationPlatforms) = preSolution
		Debug|Any CPU = Debug|Any CPU
		Release|Any CPU = Release|Any CPU
	EndGlobalSection
	GlobalSection(ProjectConfigurationPlatforms) = postSolution
		{9FCBAB7B-A305-44C9-A40C-0B6A6867700A}.Debug|Any CPU.ActiveCfg = Debug|Any CPU
		{9FCBAB7B-A305-44C9-A40C-0B6A6867700A}.Debug|Any CPU.Build.0 = Debug|Any CPU
		{9FCBAB7B-A305-44C9-A40C-0B6A6867700A}.Release|Any CPU.ActiveCfg = Release|Any CPU
		{9FCBAB7B-A305-44C9-A40C-0B6A6867700A}.Release|Any CPU.Build.0 = Release|Any CPU
	EndGlobalSection
	GlobalSection(SolutionProperties) = preSolution
		HideSolutionNode = FALSE
	EndGlobalSection
	GlobalSection(ExtensibilityGlobals) = postSolution
		SolutionGuid = {CBBA8137-37E9-4C38-AB25-500B48D486B2}
	EndGlobalSection
EndGlobal
